
Microsoft Visual Studio Solution File, Format Version 12.00
# Visual Studio 14
VisualStudioVersion = 14.0.25420.1
MinimumVisualStudioVersion = 10.0.40219.1
Project("{FAE04EC0-301F-11D3-BF4B-00C04F79EFBC}") = "SampleApp", "SampleApp\SampleApp.csproj", "{30E32C34-06FD-4093-B40E-67B13E768C69}"
EndProject
Global
	GlobalSection(SolutionConfigurationPlatforms) = preSolution
		Debug|Any CPU = Debug|Any CPU
		Release|Any CPU = Release|Any CPU
	EndGlobalSection
	GlobalSection(ProjectConfigurationPlatforms) = postSolution
		{30E32C34-06FD-4093-B40E-67B13E768C69}.Debug|Any CPU.ActiveCfg = Debug|Any CPU
		{30E32C34-06FD-4093-B40E-67B13E768C69}.Debug|Any CPU.Build.0 = Debug|Any CPU
		{30E32C34-06FD-4093-B40E-67B13E768C69}.Release|Any CPU.ActiveCfg = Release|Any CPU
		{30E32C34-06FD-4093-B40E-67B13E768C69}.Release|Any CPU.Build.0 = Release|Any CPU
	EndGlobalSection
	GlobalSection(SolutionProperties) = preSolution
		HideSolutionNode = FALSE
	EndGlobalSection
EndGlobal
